
Microsoft Visual Studio Solution File, Format Version 12.00
# Visual Studio Version 17
VisualStudioVersion = 17.2.32616.157
MinimumVisualStudioVersion = 10.0.40219.1
Project("{9A19103F-16F7-4668-BE54-9A1E7A4F7556}") = "AIStudio.Wpf.Controls", "AIStudio.Wpf.Controls.csproj", "{DFBF1254-5D71-4805-B907-1B7D4A21EAC3}"
EndProject
Global
	GlobalSection(SolutionConfigurationPlatforms) = preSolution
		Debug|Any CPU = Debug|Any CPU
		Release|Any CPU = Release|Any CPU
	EndGlobalSection
	GlobalSection(ProjectConfigurationPlatforms) = postSolution
		{DFBF1254-5D71-4805-B907-1B7D4A21EAC3}.Debug|Any CPU.ActiveCfg = Debug|Any CPU
		{DFBF1254-5D71-4805-B907-1B7D4A21EAC3}.Debug|Any CPU.Build.0 = Debug|Any CPU
		{DFBF1254-5D71-4805-B907-1B7D4A21EAC3}.Release|Any CPU.ActiveCfg = Release|Any CPU
		{DFBF1254-5D71-4805-B907-1B7D4A21EAC3}.Release|Any CPU.Build.0 = Release|Any CPU
	EndGlobalSection
	GlobalSection(SolutionProperties) = preSolution
		HideSolutionNode = FALSE
	EndGlobalSection
	GlobalSection(ExtensibilityGlobals) = postSolution
		SolutionGuid = {E21DFE88-3796-4FC3-8C3A-1AEED6C5179D}
	EndGlobalSection
EndGlobal
