
Microsoft Visual Studio Solution File, Format Version 12.00
# Visual Studio Version 16
VisualStudioVersion = 16.0.31702.278
MinimumVisualStudioVersion = 10.0.40219.1
Project("{2150E333-8FDC-42A3-9474-1A3956D46DE8}") = "Controls", "Controls", "{3D54C8D2-F15E-4BD8-8579-904AF5D4A5E7}"
EndProject
Project("{2150E333-8FDC-42A3-9474-1A3956D46DE8}") = "Solution Items", "Solution Items", "{0292DD72-2CB3-4C53-8E55-2CAB828C1AE4}"
	ProjectSection(SolutionItems) = preProject
		.editorconfig = .editorconfig
		Directory.Build.Props = Directory.Build.Props
	EndProjectSection
EndProject
Project("{9A19103F-16F7-4668-BE54-9A1E7A4F7556}") = "AIStudio.Wpf.Controls.App", "AIStudio.Wpf.Controls.App\AIStudio.Wpf.Controls.App.csproj", "{23B90ED3-B37C-4FAB-B9FB-4E46FA998EA7}"
EndProject
Project("{2150E333-8FDC-42A3-9474-1A3956D46DE8}") = "Demos", "Demos", "{72A4E17E-1F5A-4324-9492-2CD44BEE3855}"
EndProject
Project("{9A19103F-16F7-4668-BE54-9A1E7A4F7556}") = "AIStudio.Wpf.ComeCapture", "Controls\AIStudio.Wpf.ComeCapture\AIStudio.Wpf.ComeCapture.csproj", "{34F4C4BF-A501-40CA-A7F7-223FD4846616}"
EndProject
Project("{9A19103F-16F7-4668-BE54-9A1E7A4F7556}") = "AIStudio.Wpf.Controls", "Controls\AIStudio.Wpf.Controls\AIStudio.Wpf.Controls\AIStudio.Wpf.Controls.csproj", "{7248BB1D-D612-41D1-A785-A2B3BAC8CF38}"
EndProject
Project("{9A19103F-16F7-4668-BE54-9A1E7A4F7556}") = "AIStudio.Wpf.MDIContainer", "Controls\AIStudio.Wpf.MDIContainer\AIStudio.Wpf.MDIContainer.csproj", "{9C31592F-9514-4BC4-B785-41A43ABBD1B6}"
EndProject
Project("{9A19103F-16F7-4668-BE54-9A1E7A4F7556}") = "AIStudio.Wpf.Panels", "Controls\AIStudio.Wpf.Panels\AIStudio.Wpf.Panels.csproj", "{518FFB20-63B3-4BC3-9278-73E568CC1C29}"
EndProject
Project("{9A19103F-16F7-4668-BE54-9A1E7A4F7556}") = "AIStudio.Wpf.Controls.Demo", "Demos\AIStudio.Wpf.Controls.Demo\AIStudio.Wpf.Controls.Demo.csproj", "{0F0150B5-FF21-4DCF-887E-6F023F1EEDF4}"
EndProject
Project("{9A19103F-16F7-4668-BE54-9A1E7A4F7556}") = "AIStudio.Wpf.MDIContainer.Demo", "Demos\AIStudio.Wpf.MDIContainer.Demo\AIStudio.Wpf.MDIContainer.Demo.csproj", "{009E986B-1120-4CE1-A1DD-F3781B5CF630}"
EndProject
Project("{9A19103F-16F7-4668-BE54-9A1E7A4F7556}") = "AIStudio.Wpf.Panels.Demo", "Demos\AIStudio.Wpf.Panels.Demo\AIStudio.Wpf.Panels.Demo.csproj", "{138A6020-8E95-4D42-A8F1-92169B94FA13}"
EndProject
Project("{9A19103F-16F7-4668-BE54-9A1E7A4F7556}") = "AIStudio.Wpf.GridControls", "Controls\AIStudio.Wpf.Controls\AIStudio.Wpf.GridControls\AIStudio.Wpf.GridControls.csproj", "{AB42F6D8-5151-49C9-95AB-AB50B15479A1}"
EndProject
Project("{9A19103F-16F7-4668-BE54-9A1E7A4F7556}") = "AIStudio.Wpf.GridControls.Demo", "Demos\AIStudio.Wpf.GridControls.Demo\AIStudio.Wpf.GridControls.Demo.csproj", "{DCECB5D8-16ED-47BF-A817-2C200AABD623}"
EndProject
Global
	GlobalSection(SolutionConfigurationPlatforms) = preSolution
		Debug|Any CPU = Debug|Any CPU
		Release|Any CPU = Release|Any CPU
	EndGlobalSection
	GlobalSection(ProjectConfigurationPlatforms) = postSolution
		{23B90ED3-B37C-4FAB-B9FB-4E46FA998EA7}.Debug|Any CPU.ActiveCfg = Debug|Any CPU
		{23B90ED3-B37C-4FAB-B9FB-4E46FA998EA7}.Debug|Any CPU.Build.0 = Debug|Any CPU
		{23B90ED3-B37C-4FAB-B9FB-4E46FA998EA7}.Release|Any CPU.ActiveCfg = Release|Any CPU
		{23B90ED3-B37C-4FAB-B9FB-4E46FA998EA7}.Release|Any CPU.Build.0 = Release|Any CPU
		{34F4C4BF-A501-40CA-A7F7-223FD4846616}.Debug|Any CPU.ActiveCfg = Debug|Any CPU
		{34F4C4BF-A501-40CA-A7F7-223FD4846616}.Debug|Any CPU.Build.0 = Debug|Any CPU
		{34F4C4BF-A501-40CA-A7F7-223FD4846616}.Release|Any CPU.ActiveCfg = Release|Any CPU
		{34F4C4BF-A501-40CA-A7F7-223FD4846616}.Release|Any CPU.Build.0 = Release|Any CPU
		{7248BB1D-D612-41D1-A785-A2B3BAC8CF38}.Debug|Any CPU.ActiveCfg = Debug|Any CPU
		{7248BB1D-D612-41D1-A785-A2B3BAC8CF38}.Debug|Any CPU.Build.0 = Debug|Any CPU
		{7248BB1D-D612-41D1-A785-A2B3BAC8CF38}.Release|Any CPU.ActiveCfg = Release|Any CPU
		{7248BB1D-D612-41D1-A785-A2B3BAC8CF38}.Release|Any CPU.Build.0 = Release|Any CPU
		{9C31592F-9514-4BC4-B785-41A43ABBD1B6}.Debug|Any CPU.ActiveCfg = Debug|Any CPU
		{9C31592F-9514-4BC4-B785-41A43ABBD1B6}.Debug|Any CPU.Build.0 = Debug|Any CPU
		{9C31592F-9514-4BC4-B785-41A43ABBD1B6}.Release|Any CPU.ActiveCfg = Release|Any CPU
		{9C31592F-9514-4BC4-B785-41A43ABBD1B6}.Release|Any CPU.Build.0 = Release|Any CPU
		{518FFB20-63B3-4BC3-9278-73E568CC1C29}.Debug|Any CPU.ActiveCfg = Debug|Any CPU
		{518FFB20-63B3-4BC3-9278-73E568CC1C29}.Debug|Any CPU.Build.0 = Debug|Any CPU
		{518FFB20-63B3-4BC3-9278-73E568CC1C29}.Release|Any CPU.ActiveCfg = Release|Any CPU
		{518FFB20-63B3-4BC3-9278-73E568CC1C29}.Release|Any CPU.Build.0 = Release|Any CPU
		{0F0150B5-FF21-4DCF-887E-6F023F1EEDF4}.Debug|Any CPU.ActiveCfg = Debug|Any CPU
		{0F0150B5-FF21-4DCF-887E-6F023F1EEDF4}.Debug|Any CPU.Build.0 = Debug|Any CPU
		{0F0150B5-FF21-4DCF-887E-6F023F1EEDF4}.Release|Any CPU.ActiveCfg = Release|Any CPU
		{0F0150B5-FF21-4DCF-887E-6F023F1EEDF4}.Release|Any CPU.Build.0 = Release|Any CPU
		{009E986B-1120-4CE1-A1DD-F3781B5CF630}.Debug|Any CPU.ActiveCfg = Debug|Any CPU
		{009E986B-1120-4CE1-A1DD-F3781B5CF630}.Debug|Any CPU.Build.0 = Debug|Any CPU
		{009E986B-1120-4CE1-A1DD-F3781B5CF630}.Release|Any CPU.ActiveCfg = Release|Any CPU
		{009E986B-1120-4CE1-A1DD-F3781B5CF630}.Release|Any CPU.Build.0 = Release|Any CPU
		{138A6020-8E95-4D42-A8F1-92169B94FA13}.Debug|Any CPU.ActiveCfg = Debug|Any CPU
		{138A6020-8E95-4D42-A8F1-92169B94FA13}.Debug|Any CPU.Build.0 = Debug|Any CPU
		{138A6020-8E95-4D42-A8F1-92169B94FA13}.Release|Any CPU.ActiveCfg = Release|Any CPU
		{138A6020-8E95-4D42-A8F1-92169B94FA13}.Release|Any CPU.Build.0 = Release|Any CPU
		{AB42F6D8-5151-49C9-95AB-AB50B15479A1}.Debug|Any CPU.ActiveCfg = Debug|Any CPU
		{AB42F6D8-5151-49C9-95AB-AB50B15479A1}.Debug|Any CPU.Build.0 = Debug|Any CPU
		{AB42F6D8-5151-49C9-95AB-AB50B15479A1}.Release|Any CPU.ActiveCfg = Release|Any CPU
		{AB42F6D8-5151-49C9-95AB-AB50B15479A1}.Release|Any CPU.Build.0 = Release|Any CPU
		{DCECB5D8-16ED-47BF-A817-2C200AABD623}.Debug|Any CPU.ActiveCfg = Debug|Any CPU
		{DCECB5D8-16ED-47BF-A817-2C200AABD623}.Debug|Any CPU.Build.0 = Debug|Any CPU
		{DCECB5D8-16ED-47BF-A817-2C200AABD623}.Release|Any CPU.ActiveCfg = Release|Any CPU
		{DCECB5D8-16ED-47BF-A817-2C200AABD623}.Release|Any CPU.Build.0 = Release|Any CPU
	EndGlobalSection
	GlobalSection(SolutionProperties) = preSolution
		HideSolutionNode = FALSE
	EndGlobalSection
	GlobalSection(NestedProjects) = preSolution
		{34F4C4BF-A501-40CA-A7F7-223FD4846616} = {3D54C8D2-F15E-4BD8-8579-904AF5D4A5E7}
		{7248BB1D-D612-41D1-A785-A2B3BAC8CF38} = {3D54C8D2-F15E-4BD8-8579-904AF5D4A5E7}
		{9C31592F-9514-4BC4-B785-41A43ABBD1B6} = {3D54C8D2-F15E-4BD8-8579-904AF5D4A5E7}
		{518FFB20-63B3-4BC3-9278-73E568CC1C29} = {3D54C8D2-F15E-4BD8-8579-904AF5D4A5E7}
		{0F0150B5-FF21-4DCF-887E-6F023F1EEDF4} = {72A4E17E-1F5A-4324-9492-2CD44BEE3855}
		{009E986B-1120-4CE1-A1DD-F3781B5CF630} = {72A4E17E-1F5A-4324-9492-2CD44BEE3855}
		{138A6020-8E95-4D42-A8F1-92169B94FA13} = {72A4E17E-1F5A-4324-9492-2CD44BEE3855}
		{AB42F6D8-5151-49C9-95AB-AB50B15479A1} = {3D54C8D2-F15E-4BD8-8579-904AF5D4A5E7}
		{DCECB5D8-16ED-47BF-A817-2C200AABD623} = {72A4E17E-1F5A-4324-9492-2CD44BEE3855}
	EndGlobalSection
	GlobalSection(ExtensibilityGlobals) = postSolution
		SolutionGuid = {38918B9E-D567-458D-8EE0-3A82F3D0C27F}
	EndGlobalSection
EndGlobal
